
Microsoft Visual Studio Solution File, Format Version 12.00
# Visual Studio Version 17
VisualStudioVersion = 17.4.33103.184
MinimumVisualStudioVersion = 10.0.40219.1
Project("{FAE04EC0-301F-11D3-BF4B-00C04F79EFBC}") = "HelloMyCSharp09", "HelloMyCSharp09\HelloMyCSharp09.csproj", "{95A7152D-09D0-4D2F-A7C6-1CD0F6893593}"
EndProject
Project("{FAE04EC0-301F-11D3-BF4B-00C04F79EFBC}") = "HelloMyCSharp09_01", "HelloMyCSharp09_01\HelloMyCSharp09_01.csproj", "{1ECDD563-7975-487B-99E4-87E7FBCDA2D5}"
EndProject
Project("{FAE04EC0-301F-11D3-BF4B-00C04F79EFBC}") = "HelloMyCSharp09_02", "HelloMyCSharp09_02\HelloMyCSharp09_02.csproj", "{28E3EFA8-A58C-4573-BE62-A76A34A2BE78}"
EndProject
Project("{FAE04EC0-301F-11D3-BF4B-00C04F79EFBC}") = "HelloMyCSharp09_03", "HelloMyCSharp09_03\HelloMyCSharp09_03.csproj", "{63397014-60E3-4C19-8E01-DE5BDAA45E98}"
EndProject
Global
	GlobalSection(SolutionConfigurationPlatforms) = preSolution
		Debug|Any CPU = Debug|Any CPU
		Release|Any CPU = Release|Any CPU
	EndGlobalSection
	GlobalSection(ProjectConfigurationPlatforms) = postSolution
		{95A7152D-09D0-4D2F-A7C6-1CD0F6893593}.Debug|Any CPU.ActiveCfg = Debug|Any CPU
		{95A7152D-09D0-4D2F-A7C6-1CD0F6893593}.Debug|Any CPU.Build.0 = Debug|Any CPU
		{95A7152D-09D0-4D2F-A7C6-1CD0F6893593}.Release|Any CPU.ActiveCfg = Release|Any CPU
		{95A7152D-09D0-4D2F-A7C6-1CD0F6893593}.Release|Any CPU.Build.0 = Release|Any CPU
		{1ECDD563-7975-487B-99E4-87E7FBCDA2D5}.Debug|Any CPU.ActiveCfg = Debug|Any CPU
		{1ECDD563-7975-487B-99E4-87E7FBCDA2D5}.Debug|Any CPU.Build.0 = Debug|Any CPU
		{1ECDD563-7975-487B-99E4-87E7FBCDA2D5}.Release|Any CPU.ActiveCfg = Release|Any CPU
		{1ECDD563-7975-487B-99E4-87E7FBCDA2D5}.Release|Any CPU.Build.0 = Release|Any CPU
		{28E3EFA8-A58C-4573-BE62-A76A34A2BE78}.Debug|Any CPU.ActiveCfg = Debug|Any CPU
		{28E3EFA8-A58C-4573-BE62-A76A34A2BE78}.Debug|Any CPU.Build.0 = Debug|Any CPU
		{28E3EFA8-A58C-4573-BE62-A76A34A2BE78}.Release|Any CPU.ActiveCfg = Release|Any CPU
		{28E3EFA8-A58C-4573-BE62-A76A34A2BE78}.Release|Any CPU.Build.0 = Release|Any CPU
		{63397014-60E3-4C19-8E01-DE5BDAA45E98}.Debug|Any CPU.ActiveCfg = Debug|Any CPU
		{63397014-60E3-4C19-8E01-DE5BDAA45E98}.Debug|Any CPU.Build.0 = Debug|Any CPU
		{63397014-60E3-4C19-8E01-DE5BDAA45E98}.Release|Any CPU.ActiveCfg = Release|Any CPU
		{63397014-60E3-4C19-8E01-DE5BDAA45E98}.Release|Any CPU.Build.0 = Release|Any CPU
	EndGlobalSection
	GlobalSection(SolutionProperties) = preSolution
		HideSolutionNode = FALSE
	EndGlobalSection
	GlobalSection(ExtensibilityGlobals) = postSolution
		SolutionGuid = {D1EBE8A4-1074-4B91-B752-5A48FDC56FA6}
	EndGlobalSection
EndGlobal
