
Microsoft Visual Studio Solution File, Format Version 12.00
# Visual Studio Version 17
VisualStudioVersion = 17.4.33103.184
MinimumVisualStudioVersion = 10.0.40219.1
Project("{FAE04EC0-301F-11D3-BF4B-00C04F79EFBC}") = "HelloMyCSharp04", "HelloMyCSharp04\HelloMyCSharp04.csproj", "{4C4445B4-D977-4364-B5E5-16EFDB0EB296}"
EndProject
Global
	GlobalSection(SolutionConfigurationPlatforms) = preSolution
		Debug|Any CPU = Debug|Any CPU
		Release|Any CPU = Release|Any CPU
	EndGlobalSection
	GlobalSection(ProjectConfigurationPlatforms) = postSolution
		{4C4445B4-D977-4364-B5E5-16EFDB0EB296}.Debug|Any CPU.ActiveCfg = Debug|Any CPU
		{4C4445B4-D977-4364-B5E5-16EFDB0EB296}.Debug|Any CPU.Build.0 = Debug|Any CPU
		{4C4445B4-D977-4364-B5E5-16EFDB0EB296}.Release|Any CPU.ActiveCfg = Release|Any CPU
		{4C4445B4-D977-4364-B5E5-16EFDB0EB296}.Release|Any CPU.Build.0 = Release|Any CPU
	EndGlobalSection
	GlobalSection(SolutionProperties) = preSolution
		HideSolutionNode = FALSE
	EndGlobalSection
	GlobalSection(ExtensibilityGlobals) = postSolution
		SolutionGuid = {59B110DE-25B1-43AA-8C8E-DC2064F1F826}
	EndGlobalSection
EndGlobal
