
Microsoft Visual Studio Solution File, Format Version 12.00
# Visual Studio Version 17
VisualStudioVersion = 17.2.32616.157
MinimumVisualStudioVersion = 10.0.40219.1
Project("{FAE04EC0-301F-11D3-BF4B-00C04F79EFBC}") = "HelloMyCSharp02", "HelloMyCSharp02\HelloMyCSharp02.csproj", "{5E416620-3050-4193-8D91-DAA56E4FFACD}"
EndProject
Project("{FAE04EC0-301F-11D3-BF4B-00C04F79EFBC}") = "HelloMyCSharp02_01", "HelloMyCSharp02_01\HelloMyCSharp02_01.csproj", "{852444B5-77DF-4D25-9551-911649D7D3E7}"
EndProject
Project("{FAE04EC0-301F-11D3-BF4B-00C04F79EFBC}") = "HelloMyCSharp02_02", "HelloMyCSharp02_02\HelloMyCSharp02_02.csproj", "{690FC49C-877C-4946-8FF5-FCA06898AC6C}"
EndProject
Project("{FAE04EC0-301F-11D3-BF4B-00C04F79EFBC}") = "HelloMyCSharp02_03_GUI", "HelloMyCSharp02_03_GUI\HelloMyCSharp02_03_GUI.csproj", "{690FA2F3-2BCD-49EE-AB6A-9C20DAC3A9FB}"
EndProject
Project("{FAE04EC0-301F-11D3-BF4B-00C04F79EFBC}") = "HelloMyCSharp02_04_GUI02", "HelloMyCSharp02_04_GUI02\HelloMyCSharp02_04_GUI02.csproj", "{991E3822-E0A6-4703-A7A8-E1469B4183E9}"
EndProject
Global
	GlobalSection(SolutionConfigurationPlatforms) = preSolution
		Debug|Any CPU = Debug|Any CPU
		Release|Any CPU = Release|Any CPU
	EndGlobalSection
	GlobalSection(ProjectConfigurationPlatforms) = postSolution
		{5E416620-3050-4193-8D91-DAA56E4FFACD}.Debug|Any CPU.ActiveCfg = Debug|Any CPU
		{5E416620-3050-4193-8D91-DAA56E4FFACD}.Debug|Any CPU.Build.0 = Debug|Any CPU
		{5E416620-3050-4193-8D91-DAA56E4FFACD}.Release|Any CPU.ActiveCfg = Release|Any CPU
		{5E416620-3050-4193-8D91-DAA56E4FFACD}.Release|Any CPU.Build.0 = Release|Any CPU
		{852444B5-77DF-4D25-9551-911649D7D3E7}.Debug|Any CPU.ActiveCfg = Debug|Any CPU
		{852444B5-77DF-4D25-9551-911649D7D3E7}.Debug|Any CPU.Build.0 = Debug|Any CPU
		{852444B5-77DF-4D25-9551-911649D7D3E7}.Release|Any CPU.ActiveCfg = Release|Any CPU
		{852444B5-77DF-4D25-9551-911649D7D3E7}.Release|Any CPU.Build.0 = Release|Any CPU
		{690FC49C-877C-4946-8FF5-FCA06898AC6C}.Debug|Any CPU.ActiveCfg = Debug|Any CPU
		{690FC49C-877C-4946-8FF5-FCA06898AC6C}.Debug|Any CPU.Build.0 = Debug|Any CPU
		{690FC49C-877C-4946-8FF5-FCA06898AC6C}.Release|Any CPU.ActiveCfg = Release|Any CPU
		{690FC49C-877C-4946-8FF5-FCA06898AC6C}.Release|Any CPU.Build.0 = Release|Any CPU
		{690FA2F3-2BCD-49EE-AB6A-9C20DAC3A9FB}.Debug|Any CPU.ActiveCfg = Debug|Any CPU
		{690FA2F3-2BCD-49EE-AB6A-9C20DAC3A9FB}.Debug|Any CPU.Build.0 = Debug|Any CPU
		{690FA2F3-2BCD-49EE-AB6A-9C20DAC3A9FB}.Release|Any CPU.ActiveCfg = Release|Any CPU
		{690FA2F3-2BCD-49EE-AB6A-9C20DAC3A9FB}.Release|Any CPU.Build.0 = Release|Any CPU
		{991E3822-E0A6-4703-A7A8-E1469B4183E9}.Debug|Any CPU.ActiveCfg = Debug|Any CPU
		{991E3822-E0A6-4703-A7A8-E1469B4183E9}.Debug|Any CPU.Build.0 = Debug|Any CPU
		{991E3822-E0A6-4703-A7A8-E1469B4183E9}.Release|Any CPU.ActiveCfg = Release|Any CPU
		{991E3822-E0A6-4703-A7A8-E1469B4183E9}.Release|Any CPU.Build.0 = Release|Any CPU
	EndGlobalSection
	GlobalSection(SolutionProperties) = preSolution
		HideSolutionNode = FALSE
	EndGlobalSection
	GlobalSection(ExtensibilityGlobals) = postSolution
		SolutionGuid = {2400E61D-C1C9-4046-9F3A-4EBC5689F317}
	EndGlobalSection
EndGlobal
